
Microsoft Visual Studio Solution File, Format Version 12.00
# Visual Studio 15
VisualStudioVersion = 15.0.27428.2015
MinimumVisualStudioVersion = 10.0.40219.1
Project("{2150E333-8FDC-42A3-9474-1A3956D46DE8}") = "Application", "Application", "{A6A5AA69-8393-4DB7-B35E-BCF4037EBAED}"
EndProject
Project("{2150E333-8FDC-42A3-9474-1A3956D46DE8}") = "DB", "DB", "{9DB327CC-C735-4A2D-AD1D-1C5B5DA662DD}"
EndProject
Project("{2150E333-8FDC-42A3-9474-1A3956D46DE8}") = "Dev", "Dev", "{2AB2CB0D-515B-44DE-B0CE-7AF4AF6B2F93}"
EndProject
Project("{2150E333-8FDC-42A3-9474-1A3956D46DE8}") = "Util", "Util", "{9E11679E-775F-4BEE-9311-935A8E2E048C}"
EndProject
Project("{FAE04EC0-301F-11D3-BF4B-00C04F79EFBC}") = "MicBeach.Util", "Util\MicBeach.Util\MicBeach.Util.csproj", "{F8B68EB5-6A31-4C2D-9193-65750C9E5A3E}"
EndProject
Project("{FAE04EC0-301F-11D3-BF4B-00C04F79EFBC}") = "MicBeach.Develop", "Dev\MicBeach.Develop\MicBeach.Develop.csproj", "{D477F1D2-91B4-4521-B1E3-6D77BE3B0D21}"
EndProject
Project("{FAE04EC0-301F-11D3-BF4B-00C04F79EFBC}") = "MicBeach.DB", "DB\MicBeach.DB\MicBeach.DB.csproj", "{48685585-0F95-495F-81F3-CCBDC5A2642B}"
EndProject
Project("{FAE04EC0-301F-11D3-BF4B-00C04F79EFBC}") = "MicBeach.DB.MySQL", "DB\MicBeach.DB.MySQL\MicBeach.DB.MySQL.csproj", "{A78F02F0-EDA8-47A7-ABF5-33A1C54F3A72}"
EndProject
Project("{FAE04EC0-301F-11D3-BF4B-00C04F79EFBC}") = "MicBeach.DB.SQLServer", "DB\MicBeach.DB.SQLServer\MicBeach.DB.SQLServer.csproj", "{7CF4E369-75B8-4D10-BC50-AA1B64C54435}"
EndProject
Project("{2150E333-8FDC-42A3-9474-1A3956D46DE8}") = "Site", "Site", "{B9A067D8-92C2-42BE-BD95-795E3CED7497}"
EndProject
Project("{2150E333-8FDC-42A3-9474-1A3956D46DE8}") = "Infrastructure", "Infrastructure", "{171C5501-B8CB-4C6F-B9E2-102479ED5FCE}"
EndProject
Project("{2150E333-8FDC-42A3-9474-1A3956D46DE8}") = "Logic", "Logic", "{065523C1-5390-4305-992E-B5605422E06E}"
EndProject
Project("{2150E333-8FDC-42A3-9474-1A3956D46DE8}") = "Service", "Service", "{9DCC91D7-4D85-4DF7-A9A0-DB3B0C272069}"
EndProject
Project("{2150E333-8FDC-42A3-9474-1A3956D46DE8}") = "Config", "Config", "{3C4168CF-1865-40E5-AB48-06351FB36220}"
EndProject
Project("{2150E333-8FDC-42A3-9474-1A3956D46DE8}") = "DataAccess", "DataAccess", "{9CD2EBEB-8765-42B0-95FB-213A46A414B6}"
EndProject
Project("{2150E333-8FDC-42A3-9474-1A3956D46DE8}") = "Interface", "Interface", "{5D0AA90B-4790-4659-8AB1-A908E39750B7}"
EndProject
Project("{2150E333-8FDC-42A3-9474-1A3956D46DE8}") = "Model", "Model", "{9D866C5B-D1AB-4D34-8911-DDA1AEC69B58}"
EndProject
Project("{2150E333-8FDC-42A3-9474-1A3956D46DE8}") = "Repository", "Repository", "{8DD80EC6-BCAE-40D7-8DDE-0991397A0648}"
EndProject
Project("{2150E333-8FDC-42A3-9474-1A3956D46DE8}") = "Business", "Business", "{18C635E6-0C3B-4B45-BC2C-EECF9C110768}"
EndProject
Project("{2150E333-8FDC-42A3-9474-1A3956D46DE8}") = "DataAccess", "DataAccess", "{D3BD597C-033D-4699-8C8A-86BC12C7A9AD}"
EndProject
Project("{2150E333-8FDC-42A3-9474-1A3956D46DE8}") = "Service", "Service", "{851D0307-4B1A-4ACB-BC54-190338D162B7}"
EndProject
Project("{2150E333-8FDC-42A3-9474-1A3956D46DE8}") = "DTO", "DTO", "{FB8F02A5-67A4-4161-986F-4BDF052C7E97}"
EndProject
Project("{2150E333-8FDC-42A3-9474-1A3956D46DE8}") = "Entity", "Entity", "{EE0C629F-4C3C-46E0-B9B0-CE1768E93144}"
EndProject
Project("{2150E333-8FDC-42A3-9474-1A3956D46DE8}") = "Query", "Query", "{49B4077E-A3F7-4A3B-81E3-7EE8462EAFE2}"
EndProject
Project("{2150E333-8FDC-42A3-9474-1A3956D46DE8}") = "Presentation", "Presentation", "{0D11239C-F06D-433C-B8B3-855BF7CBD1DD}"
EndProject
Project("{2150E333-8FDC-42A3-9474-1A3956D46DE8}") = "Business", "Business", "{972E53EA-E55F-4A71-8AF8-985BAB7B3389}"
EndProject
Project("{2150E333-8FDC-42A3-9474-1A3956D46DE8}") = "Domain", "Domain", "{8D5CE9EF-5612-4A5B-AB7B-BE1FB49DF0D2}"
EndProject
Project("{2150E333-8FDC-42A3-9474-1A3956D46DE8}") = "Impl", "Impl", "{6087DB1A-DDF0-4BC1-BC38-8751F70440DC}"
EndProject
Project("{FAE04EC0-301F-11D3-BF4B-00C04F79EFBC}") = "MicBeach.Entity.Task", "Application\Infrastructure\Model\Entity\MicBeach.Entity.Task\MicBeach.Entity.Task.csproj", "{94FED09D-4D1D-44D8-A806-2B3C1594DC94}"
EndProject
Project("{FAE04EC0-301F-11D3-BF4B-00C04F79EFBC}") = "MicBeach.DTO.Task", "Application\Infrastructure\Model\DTO\MicBeach.DTO.Task\MicBeach.DTO.Task.csproj", "{EE219485-E7C7-4DD7-882C-0394F5E29D14}"
EndProject
Project("{FAE04EC0-301F-11D3-BF4B-00C04F79EFBC}") = "MicBeach.ViewModel.Task", "Application\Infrastructure\Model\Presentation\MicBeach.ViewModel.Task\MicBeach.ViewModel.Task.csproj", "{17D4CC4C-D02A-47F1-A7D5-96FCA35238E5}"
EndProject
Project("{FAE04EC0-301F-11D3-BF4B-00C04F79EFBC}") = "MicBeach.Query.Task", "Application\Infrastructure\Model\Query\MicBeach.Query.Task\MicBeach.Query.Task.csproj", "{92C4F119-847E-4FB0-8FF4-14E52D03022D}"
EndProject
Project("{FAE04EC0-301F-11D3-BF4B-00C04F79EFBC}") = "MicBeach.Repository.Task", "Application\Infrastructure\Repository\MicBeach.Repository.Task\MicBeach.Repository.Task.csproj", "{881D4DAF-43EB-4E1B-A79F-4103551E8E52}"
EndProject
Project("{FAE04EC0-301F-11D3-BF4B-00C04F79EFBC}") = "MicBeach.DataAccessInterface.Task", "Application\Infrastructure\Interface\DataAccess\MicBeach.DataAccessInterface.Task\MicBeach.DataAccessInterface.Task.csproj", "{9C353737-98A1-4AD3-896E-0710E27E71E7}"
EndProject
Project("{FAE04EC0-301F-11D3-BF4B-00C04F79EFBC}") = "MicBeach.BusinessInterface.Task", "Application\Infrastructure\Interface\Business\MicBeach.BusinessInterface.Task\MicBeach.BusinessInterface.Task.csproj", "{E3E3EF00-DB6B-4991-A5A0-08D50CB6522B}"
EndProject
Project("{FAE04EC0-301F-11D3-BF4B-00C04F79EFBC}") = "MicBeach.ServiceInterface.Task", "Application\Infrastructure\Interface\Service\MicBeach.ServiceInterface.Task\MicBeach.ServiceInterface.Task.csproj", "{922CD08F-5225-4CF6-ADC0-7FFCCDF68310}"
EndProject
Project("{FAE04EC0-301F-11D3-BF4B-00C04F79EFBC}") = "MicBeach.DataAccess.Task", "Application\Infrastructure\DataAccess\MicBeach.DataAccess.Task\MicBeach.DataAccess.Task.csproj", "{9BACF3E6-AE4B-4A7A-9988-5EDC39EE42E8}"
EndProject
Project("{FAE04EC0-301F-11D3-BF4B-00C04F79EFBC}") = "MicBeach.Domain.Task", "Application\Logic\Business\Domain\MicBeach.Domain.Task\MicBeach.Domain.Task.csproj", "{5984E076-B30E-4C66-BB96-C7D5FBC881E2}"
EndProject
Project("{FAE04EC0-301F-11D3-BF4B-00C04F79EFBC}") = "MicBeach.Business.Task", "Application\Logic\Business\Impl\MicBeach.Business.Task\MicBeach.Business.Task.csproj", "{00179C38-1431-4D7C-A05F-0C38E601EDE4}"
EndProject
Project("{FAE04EC0-301F-11D3-BF4B-00C04F79EFBC}") = "MicBeach.Service.Task", "Application\Logic\Service\MicBeach.Service.Task\MicBeach.Service.Task.csproj", "{698B7DD3-3587-4F74-AE77-6CCF4FBB7963}"
EndProject
Project("{FAE04EC0-301F-11D3-BF4B-00C04F79EFBC}") = "App.DBConfig", "Application\Infrastructure\Config\App.DBConfig\App.DBConfig.csproj", "{9B26F701-A276-46D4-B67C-DAD28A0B9C3B}"
EndProject
Project("{FAE04EC0-301F-11D3-BF4B-00C04F79EFBC}") = "App.IoC", "Application\Infrastructure\Config\App.IoC\App.IoC.csproj", "{325D727A-D1D6-4EB5-A045-627981519CF2}"
EndProject
Project("{FAE04EC0-301F-11D3-BF4B-00C04F79EFBC}") = "App.Mapper", "Application\Infrastructure\Config\App.Mapper\App.Mapper.csproj", "{460EBF38-FF45-4ABC-B687-145EC5C6AFBC}"
EndProject
Project("{FAE04EC0-301F-11D3-BF4B-00C04F79EFBC}") = "Site.Cms", "Application\Site\Site.Cms\Site.Cms.csproj", "{40740AF7-026E-4E31-812C-9B53B018BB4E}"
EndProject
Project("{FAE04EC0-301F-11D3-BF4B-00C04F79EFBC}") = "Site.Cms.Config", "Application\Infrastructure\Config\Site.Cms.Config\Site.Cms.Config.csproj", "{B2E000D7-A750-42BB-BCE7-4D49FC9789B7}"
EndProject
Project("{FAE04EC0-301F-11D3-BF4B-00C04F79EFBC}") = "MicBeach.ViewModel.Common", "Application\Infrastructure\Model\Presentation\MicBeach.ViewModel.Common\MicBeach.ViewModel.Common.csproj", "{B92C07C0-64E4-4A86-AF66-4034BA7B2CFA}"
EndProject
Global
	GlobalSection(SolutionConfigurationPlatforms) = preSolution
		Debug|Any CPU = Debug|Any CPU
		Release|Any CPU = Release|Any CPU
	EndGlobalSection
	GlobalSection(ProjectConfigurationPlatforms) = postSolution
		{F8B68EB5-6A31-4C2D-9193-65750C9E5A3E}.Debug|Any CPU.ActiveCfg = Debug|Any CPU
		{F8B68EB5-6A31-4C2D-9193-65750C9E5A3E}.Debug|Any CPU.Build.0 = Debug|Any CPU
		{F8B68EB5-6A31-4C2D-9193-65750C9E5A3E}.Release|Any CPU.ActiveCfg = Release|Any CPU
		{F8B68EB5-6A31-4C2D-9193-65750C9E5A3E}.Release|Any CPU.Build.0 = Release|Any CPU
		{D477F1D2-91B4-4521-B1E3-6D77BE3B0D21}.Debug|Any CPU.ActiveCfg = Debug|Any CPU
		{D477F1D2-91B4-4521-B1E3-6D77BE3B0D21}.Debug|Any CPU.Build.0 = Debug|Any CPU
		{D477F1D2-91B4-4521-B1E3-6D77BE3B0D21}.Release|Any CPU.ActiveCfg = Release|Any CPU
		{D477F1D2-91B4-4521-B1E3-6D77BE3B0D21}.Release|Any CPU.Build.0 = Release|Any CPU
		{48685585-0F95-495F-81F3-CCBDC5A2642B}.Debug|Any CPU.ActiveCfg = Debug|Any CPU
		{48685585-0F95-495F-81F3-CCBDC5A2642B}.Debug|Any CPU.Build.0 = Debug|Any CPU
		{48685585-0F95-495F-81F3-CCBDC5A2642B}.Release|Any CPU.ActiveCfg = Release|Any CPU
		{48685585-0F95-495F-81F3-CCBDC5A2642B}.Release|Any CPU.Build.0 = Release|Any CPU
		{A78F02F0-EDA8-47A7-ABF5-33A1C54F3A72}.Debug|Any CPU.ActiveCfg = Debug|Any CPU
		{A78F02F0-EDA8-47A7-ABF5-33A1C54F3A72}.Debug|Any CPU.Build.0 = Debug|Any CPU
		{A78F02F0-EDA8-47A7-ABF5-33A1C54F3A72}.Release|Any CPU.ActiveCfg = Release|Any CPU
		{A78F02F0-EDA8-47A7-ABF5-33A1C54F3A72}.Release|Any CPU.Build.0 = Release|Any CPU
		{7CF4E369-75B8-4D10-BC50-AA1B64C54435}.Debug|Any CPU.ActiveCfg = Debug|Any CPU
		{7CF4E369-75B8-4D10-BC50-AA1B64C54435}.Debug|Any CPU.Build.0 = Debug|Any CPU
		{7CF4E369-75B8-4D10-BC50-AA1B64C54435}.Release|Any CPU.ActiveCfg = Release|Any CPU
		{7CF4E369-75B8-4D10-BC50-AA1B64C54435}.Release|Any CPU.Build.0 = Release|Any CPU
		{94FED09D-4D1D-44D8-A806-2B3C1594DC94}.Debug|Any CPU.ActiveCfg = Debug|Any CPU
		{94FED09D-4D1D-44D8-A806-2B3C1594DC94}.Debug|Any CPU.Build.0 = Debug|Any CPU
		{94FED09D-4D1D-44D8-A806-2B3C1594DC94}.Release|Any CPU.ActiveCfg = Release|Any CPU
		{94FED09D-4D1D-44D8-A806-2B3C1594DC94}.Release|Any CPU.Build.0 = Release|Any CPU
		{EE219485-E7C7-4DD7-882C-0394F5E29D14}.Debug|Any CPU.ActiveCfg = Debug|Any CPU
		{EE219485-E7C7-4DD7-882C-0394F5E29D14}.Debug|Any CPU.Build.0 = Debug|Any CPU
		{EE219485-E7C7-4DD7-882C-0394F5E29D14}.Release|Any CPU.ActiveCfg = Release|Any CPU
		{EE219485-E7C7-4DD7-882C-0394F5E29D14}.Release|Any CPU.Build.0 = Release|Any CPU
		{17D4CC4C-D02A-47F1-A7D5-96FCA35238E5}.Debug|Any CPU.ActiveCfg = Debug|Any CPU
		{17D4CC4C-D02A-47F1-A7D5-96FCA35238E5}.Debug|Any CPU.Build.0 = Debug|Any CPU
		{17D4CC4C-D02A-47F1-A7D5-96FCA35238E5}.Release|Any CPU.ActiveCfg = Release|Any CPU
		{17D4CC4C-D02A-47F1-A7D5-96FCA35238E5}.Release|Any CPU.Build.0 = Release|Any CPU
		{92C4F119-847E-4FB0-8FF4-14E52D03022D}.Debug|Any CPU.ActiveCfg = Debug|Any CPU
		{92C4F119-847E-4FB0-8FF4-14E52D03022D}.Debug|Any CPU.Build.0 = Debug|Any CPU
		{92C4F119-847E-4FB0-8FF4-14E52D03022D}.Release|Any CPU.ActiveCfg = Release|Any CPU
		{92C4F119-847E-4FB0-8FF4-14E52D03022D}.Release|Any CPU.Build.0 = Release|Any CPU
		{881D4DAF-43EB-4E1B-A79F-4103551E8E52}.Debug|Any CPU.ActiveCfg = Debug|Any CPU
		{881D4DAF-43EB-4E1B-A79F-4103551E8E52}.Debug|Any CPU.Build.0 = Debug|Any CPU
		{881D4DAF-43EB-4E1B-A79F-4103551E8E52}.Release|Any CPU.ActiveCfg = Release|Any CPU
		{881D4DAF-43EB-4E1B-A79F-4103551E8E52}.Release|Any CPU.Build.0 = Release|Any CPU
		{9C353737-98A1-4AD3-896E-0710E27E71E7}.Debug|Any CPU.ActiveCfg = Debug|Any CPU
		{9C353737-98A1-4AD3-896E-0710E27E71E7}.Debug|Any CPU.Build.0 = Debug|Any CPU
		{9C353737-98A1-4AD3-896E-0710E27E71E7}.Release|Any CPU.ActiveCfg = Release|Any CPU
		{9C353737-98A1-4AD3-896E-0710E27E71E7}.Release|Any CPU.Build.0 = Release|Any CPU
		{E3E3EF00-DB6B-4991-A5A0-08D50CB6522B}.Debug|Any CPU.ActiveCfg = Debug|Any CPU
		{E3E3EF00-DB6B-4991-A5A0-08D50CB6522B}.Debug|Any CPU.Build.0 = Debug|Any CPU
		{E3E3EF00-DB6B-4991-A5A0-08D50CB6522B}.Release|Any CPU.ActiveCfg = Release|Any CPU
		{E3E3EF00-DB6B-4991-A5A0-08D50CB6522B}.Release|Any CPU.Build.0 = Release|Any CPU
		{922CD08F-5225-4CF6-ADC0-7FFCCDF68310}.Debug|Any CPU.ActiveCfg = Debug|Any CPU
		{922CD08F-5225-4CF6-ADC0-7FFCCDF68310}.Debug|Any CPU.Build.0 = Debug|Any CPU
		{922CD08F-5225-4CF6-ADC0-7FFCCDF68310}.Release|Any CPU.ActiveCfg = Release|Any CPU
		{922CD08F-5225-4CF6-ADC0-7FFCCDF68310}.Release|Any CPU.Build.0 = Release|Any CPU
		{9BACF3E6-AE4B-4A7A-9988-5EDC39EE42E8}.Debug|Any CPU.ActiveCfg = Debug|Any CPU
		{9BACF3E6-AE4B-4A7A-9988-5EDC39EE42E8}.Debug|Any CPU.Build.0 = Debug|Any CPU
		{9BACF3E6-AE4B-4A7A-9988-5EDC39EE42E8}.Release|Any CPU.ActiveCfg = Release|Any CPU
		{9BACF3E6-AE4B-4A7A-9988-5EDC39EE42E8}.Release|Any CPU.Build.0 = Release|Any CPU
		{5984E076-B30E-4C66-BB96-C7D5FBC881E2}.Debug|Any CPU.ActiveCfg = Debug|Any CPU
		{5984E076-B30E-4C66-BB96-C7D5FBC881E2}.Debug|Any CPU.Build.0 = Debug|Any CPU
		{5984E076-B30E-4C66-BB96-C7D5FBC881E2}.Release|Any CPU.ActiveCfg = Release|Any CPU
		{5984E076-B30E-4C66-BB96-C7D5FBC881E2}.Release|Any CPU.Build.0 = Release|Any CPU
		{00179C38-1431-4D7C-A05F-0C38E601EDE4}.Debug|Any CPU.ActiveCfg = Debug|Any CPU
		{00179C38-1431-4D7C-A05F-0C38E601EDE4}.Debug|Any CPU.Build.0 = Debug|Any CPU
		{00179C38-1431-4D7C-A05F-0C38E601EDE4}.Release|Any CPU.ActiveCfg = Release|Any CPU
		{00179C38-1431-4D7C-A05F-0C38E601EDE4}.Release|Any CPU.Build.0 = Release|Any CPU
		{698B7DD3-3587-4F74-AE77-6CCF4FBB7963}.Debug|Any CPU.ActiveCfg = Debug|Any CPU
		{698B7DD3-3587-4F74-AE77-6CCF4FBB7963}.Debug|Any CPU.Build.0 = Debug|Any CPU
		{698B7DD3-3587-4F74-AE77-6CCF4FBB7963}.Release|Any CPU.ActiveCfg = Release|Any CPU
		{698B7DD3-3587-4F74-AE77-6CCF4FBB7963}.Release|Any CPU.Build.0 = Release|Any CPU
		{9B26F701-A276-46D4-B67C-DAD28A0B9C3B}.Debug|Any CPU.ActiveCfg = Debug|Any CPU
		{9B26F701-A276-46D4-B67C-DAD28A0B9C3B}.Debug|Any CPU.Build.0 = Debug|Any CPU
		{9B26F701-A276-46D4-B67C-DAD28A0B9C3B}.Release|Any CPU.ActiveCfg = Release|Any CPU
		{9B26F701-A276-46D4-B67C-DAD28A0B9C3B}.Release|Any CPU.Build.0 = Release|Any CPU
		{325D727A-D1D6-4EB5-A045-627981519CF2}.Debug|Any CPU.ActiveCfg = Debug|Any CPU
		{325D727A-D1D6-4EB5-A045-627981519CF2}.Debug|Any CPU.Build.0 = Debug|Any CPU
		{325D727A-D1D6-4EB5-A045-627981519CF2}.Release|Any CPU.ActiveCfg = Release|Any CPU
		{325D727A-D1D6-4EB5-A045-627981519CF2}.Release|Any CPU.Build.0 = Release|Any CPU
		{460EBF38-FF45-4ABC-B687-145EC5C6AFBC}.Debug|Any CPU.ActiveCfg = Debug|Any CPU
		{460EBF38-FF45-4ABC-B687-145EC5C6AFBC}.Debug|Any CPU.Build.0 = Debug|Any CPU
		{460EBF38-FF45-4ABC-B687-145EC5C6AFBC}.Release|Any CPU.ActiveCfg = Release|Any CPU
		{460EBF38-FF45-4ABC-B687-145EC5C6AFBC}.Release|Any CPU.Build.0 = Release|Any CPU
		{40740AF7-026E-4E31-812C-9B53B018BB4E}.Debug|Any CPU.ActiveCfg = Debug|Any CPU
		{40740AF7-026E-4E31-812C-9B53B018BB4E}.Debug|Any CPU.Build.0 = Debug|Any CPU
		{40740AF7-026E-4E31-812C-9B53B018BB4E}.Release|Any CPU.ActiveCfg = Release|Any CPU
		{40740AF7-026E-4E31-812C-9B53B018BB4E}.Release|Any CPU.Build.0 = Release|Any CPU
		{B2E000D7-A750-42BB-BCE7-4D49FC9789B7}.Debug|Any CPU.ActiveCfg = Debug|Any CPU
		{B2E000D7-A750-42BB-BCE7-4D49FC9789B7}.Debug|Any CPU.Build.0 = Debug|Any CPU
		{B2E000D7-A750-42BB-BCE7-4D49FC9789B7}.Release|Any CPU.ActiveCfg = Release|Any CPU
		{B2E000D7-A750-42BB-BCE7-4D49FC9789B7}.Release|Any CPU.Build.0 = Release|Any CPU
		{B92C07C0-64E4-4A86-AF66-4034BA7B2CFA}.Debug|Any CPU.ActiveCfg = Debug|Any CPU
		{B92C07C0-64E4-4A86-AF66-4034BA7B2CFA}.Debug|Any CPU.Build.0 = Debug|Any CPU
		{B92C07C0-64E4-4A86-AF66-4034BA7B2CFA}.Release|Any CPU.ActiveCfg = Release|Any CPU
		{B92C07C0-64E4-4A86-AF66-4034BA7B2CFA}.Release|Any CPU.Build.0 = Release|Any CPU
	EndGlobalSection
	GlobalSection(SolutionProperties) = preSolution
		HideSolutionNode = FALSE
	EndGlobalSection
	GlobalSection(NestedProjects) = preSolution
		{F8B68EB5-6A31-4C2D-9193-65750C9E5A3E} = {9E11679E-775F-4BEE-9311-935A8E2E048C}
		{D477F1D2-91B4-4521-B1E3-6D77BE3B0D21} = {2AB2CB0D-515B-44DE-B0CE-7AF4AF6B2F93}
		{48685585-0F95-495F-81F3-CCBDC5A2642B} = {9DB327CC-C735-4A2D-AD1D-1C5B5DA662DD}
		{A78F02F0-EDA8-47A7-ABF5-33A1C54F3A72} = {9DB327CC-C735-4A2D-AD1D-1C5B5DA662DD}
		{7CF4E369-75B8-4D10-BC50-AA1B64C54435} = {9DB327CC-C735-4A2D-AD1D-1C5B5DA662DD}
		{B9A067D8-92C2-42BE-BD95-795E3CED7497} = {A6A5AA69-8393-4DB7-B35E-BCF4037EBAED}
		{171C5501-B8CB-4C6F-B9E2-102479ED5FCE} = {A6A5AA69-8393-4DB7-B35E-BCF4037EBAED}
		{065523C1-5390-4305-992E-B5605422E06E} = {A6A5AA69-8393-4DB7-B35E-BCF4037EBAED}
		{9DCC91D7-4D85-4DF7-A9A0-DB3B0C272069} = {065523C1-5390-4305-992E-B5605422E06E}
		{3C4168CF-1865-40E5-AB48-06351FB36220} = {171C5501-B8CB-4C6F-B9E2-102479ED5FCE}
		{9CD2EBEB-8765-42B0-95FB-213A46A414B6} = {171C5501-B8CB-4C6F-B9E2-102479ED5FCE}
		{5D0AA90B-4790-4659-8AB1-A908E39750B7} = {171C5501-B8CB-4C6F-B9E2-102479ED5FCE}
		{9D866C5B-D1AB-4D34-8911-DDA1AEC69B58} = {171C5501-B8CB-4C6F-B9E2-102479ED5FCE}
		{8DD80EC6-BCAE-40D7-8DDE-0991397A0648} = {171C5501-B8CB-4C6F-B9E2-102479ED5FCE}
		{18C635E6-0C3B-4B45-BC2C-EECF9C110768} = {5D0AA90B-4790-4659-8AB1-A908E39750B7}
		{D3BD597C-033D-4699-8C8A-86BC12C7A9AD} = {5D0AA90B-4790-4659-8AB1-A908E39750B7}
		{851D0307-4B1A-4ACB-BC54-190338D162B7} = {5D0AA90B-4790-4659-8AB1-A908E39750B7}
		{FB8F02A5-67A4-4161-986F-4BDF052C7E97} = {9D866C5B-D1AB-4D34-8911-DDA1AEC69B58}
		{EE0C629F-4C3C-46E0-B9B0-CE1768E93144} = {9D866C5B-D1AB-4D34-8911-DDA1AEC69B58}
		{49B4077E-A3F7-4A3B-81E3-7EE8462EAFE2} = {9D866C5B-D1AB-4D34-8911-DDA1AEC69B58}
		{0D11239C-F06D-433C-B8B3-855BF7CBD1DD} = {9D866C5B-D1AB-4D34-8911-DDA1AEC69B58}
		{972E53EA-E55F-4A71-8AF8-985BAB7B3389} = {065523C1-5390-4305-992E-B5605422E06E}
		{8D5CE9EF-5612-4A5B-AB7B-BE1FB49DF0D2} = {972E53EA-E55F-4A71-8AF8-985BAB7B3389}
		{6087DB1A-DDF0-4BC1-BC38-8751F70440DC} = {972E53EA-E55F-4A71-8AF8-985BAB7B3389}
		{94FED09D-4D1D-44D8-A806-2B3C1594DC94} = {EE0C629F-4C3C-46E0-B9B0-CE1768E93144}
		{EE219485-E7C7-4DD7-882C-0394F5E29D14} = {FB8F02A5-67A4-4161-986F-4BDF052C7E97}
		{17D4CC4C-D02A-47F1-A7D5-96FCA35238E5} = {0D11239C-F06D-433C-B8B3-855BF7CBD1DD}
		{92C4F119-847E-4FB0-8FF4-14E52D03022D} = {49B4077E-A3F7-4A3B-81E3-7EE8462EAFE2}
		{881D4DAF-43EB-4E1B-A79F-4103551E8E52} = {8DD80EC6-BCAE-40D7-8DDE-0991397A0648}
		{9C353737-98A1-4AD3-896E-0710E27E71E7} = {D3BD597C-033D-4699-8C8A-86BC12C7A9AD}
		{E3E3EF00-DB6B-4991-A5A0-08D50CB6522B} = {18C635E6-0C3B-4B45-BC2C-EECF9C110768}
		{922CD08F-5225-4CF6-ADC0-7FFCCDF68310} = {851D0307-4B1A-4ACB-BC54-190338D162B7}
		{9BACF3E6-AE4B-4A7A-9988-5EDC39EE42E8} = {9CD2EBEB-8765-42B0-95FB-213A46A414B6}
		{5984E076-B30E-4C66-BB96-C7D5FBC881E2} = {8D5CE9EF-5612-4A5B-AB7B-BE1FB49DF0D2}
		{00179C38-1431-4D7C-A05F-0C38E601EDE4} = {6087DB1A-DDF0-4BC1-BC38-8751F70440DC}
		{698B7DD3-3587-4F74-AE77-6CCF4FBB7963} = {9DCC91D7-4D85-4DF7-A9A0-DB3B0C272069}
		{9B26F701-A276-46D4-B67C-DAD28A0B9C3B} = {3C4168CF-1865-40E5-AB48-06351FB36220}
		{325D727A-D1D6-4EB5-A045-627981519CF2} = {3C4168CF-1865-40E5-AB48-06351FB36220}
		{460EBF38-FF45-4ABC-B687-145EC5C6AFBC} = {3C4168CF-1865-40E5-AB48-06351FB36220}
		{40740AF7-026E-4E31-812C-9B53B018BB4E} = {B9A067D8-92C2-42BE-BD95-795E3CED7497}
		{B2E000D7-A750-42BB-BCE7-4D49FC9789B7} = {3C4168CF-1865-40E5-AB48-06351FB36220}
		{B92C07C0-64E4-4A86-AF66-4034BA7B2CFA} = {0D11239C-F06D-433C-B8B3-855BF7CBD1DD}
	EndGlobalSection
	GlobalSection(ExtensibilityGlobals) = postSolution
		SolutionGuid = {E9AE6E39-7A89-45BD-A087-D60B9621B984}
	EndGlobalSection
EndGlobal
